{
  "version": 1,
  "dependencies": {
    "net10.0": {
      "System.Management.Automation": {
        "type": "Direct",
        "requested": "[7.6.0, )",
        "resolved": "7.6.0",
        "contentHash": "S/AVZCBLZAsfZ+Oe29GuH45bi8Gi5inskQ4IE8Q5bvgtuF4AIwuXPkpnZK5nzF+9XDz+hF31yS8w1C15HvZhlg==",
        "dependencies": {
          "Microsoft.ApplicationInsights": "2.23.0",
          "Microsoft.Management.Infrastructure": "3.0.0",
          "Microsoft.PowerShell.CoreCLR.Eventing": "7.6.0",
          "Microsoft.PowerShell.Native": "700.0.0-rc.1",
          "Microsoft.Security.Extensions": "1.4.0",
          "Microsoft.Win32.Registry.AccessControl": "10.0.5",
          "Newtonsoft.Json": "13.0.4",
          "System.CodeDom": "10.0.5",
          "System.Configuration.ConfigurationManager": "10.0.5",
          "System.Diagnostics.EventLog": "10.0.5",
          "System.DirectoryServices": "10.0.5",
          "System.Management": "10.0.5",
          "System.Security.Cryptography.Pkcs": "10.0.5",
          "System.Security.Cryptography.ProtectedData": "10.0.5",
          "System.Security.Permissions": "10.0.5",
          "System.Windows.Extensions": "10.0.5"
        }
      },
      "Microsoft.ApplicationInsights": {
        "type": "Transitive",
        "resolved": "2.23.0",
        "contentHash": "nWArUZTdU7iqZLycLKWe0TDms48KKGE6pONH2terYNa8REXiqixrMOkf1sk5DHGMaUTqONU2YkS4SAXBhLStgw=="
      },
      "Microsoft.Management.Infrastructure": {
        "type": "Transitive",
        "resolved": "3.0.0",
        "contentHash": "cGZi0q5IujCTVYKo9h22Pw+UwfZDV82HXO8HTxMG2HqntPlT3Ls8jY6punLp4YzCypJNpfCAu2kae3TIyuAiJw==",
        "dependencies": {
          "Microsoft.Management.Infrastructure.Runtime.Unix": "3.0.0",
          "Microsoft.Management.Infrastructure.Runtime.Win": "3.0.0"
        }
      },
      "Microsoft.Management.Infrastructure.Runtime.Unix": {
        "type": "Transitive",
        "resolved": "3.0.0",
        "contentHash": "QZE3uEDvZ0m7LabQvcmNOYHp7v1QPBVMpB/ild0WEE8zqUVAP5y9rRI5we37ImI1bQmW5pZ+3HNC70POPm0jBQ=="
      },
      "Microsoft.Management.Infrastructure.Runtime.Win": {
        "type": "Transitive",
        "resolved": "3.0.0",
        "contentHash": "uwMyWN33+iQ8Wm/n1yoPXgFoiYNd0HzJyoqSVhaQZyJfaQrJR3udgcIHjqa1qbc3lS6kvfuUMN4TrF4U4refCQ=="
      },
      "Microsoft.PowerShell.CoreCLR.Eventing": {
        "type": "Transitive",
        "resolved": "7.6.0",
        "contentHash": "bjNtp02ZuXhg6b28p6q+hoAhoSksHZ7cdVhCXX3vUqU0Zlvgl9FJlxFmGfL7ommIpIx/8j5eXO5Pth24LwDSnQ==",
        "dependencies": {
          "System.Diagnostics.EventLog": "10.0.5"
        }
      },
      "Microsoft.PowerShell.Native": {
        "type": "Transitive",
        "resolved": "700.0.0-rc.1",
        "contentHash": "lJOCErHTSWwCzfp3wgeyqhNRi4t43McDc0CHqlbt3Cj3OomiqPlNHQXujSbgd+0Ir6/8QAmvU/VOYgqCyMki6A=="
      },
      "Microsoft.Security.Extensions": {
        "type": "Transitive",
        "resolved": "1.4.0",
        "contentHash": "MnHXttc0jHbRrGdTJ+yJBbGDoa4OXhtnKXHQw70foMyAooFtPScZX/dN+Nib47nuglc9Gt29Gfb5Zl+1lAuTeA=="
      },
      "Microsoft.Win32.Registry.AccessControl": {
        "type": "Transitive",
        "resolved": "10.0.5",
        "contentHash": "1J6ooeZGeTSlM2vZdB1UHm9Y7vP8f/pS+Pd2JrqfjXLBZXrrby4rXBY6pP2k/Wb26CVm9TlEPjyWB2ryXT69LA=="
      },
      "Newtonsoft.Json": {
        "type": "Transitive",
        "resolved": "13.0.4",
        "contentHash": "pdgNNMai3zv51W5aq268sujXUyx7SNdE2bj1wZcWjAQrKMFZV260lbqYop1d2GM67JI1huLRwxo9ZqnfF/lC6A=="
      },
      "System.CodeDom": {
        "type": "Transitive",
        "resolved": "10.0.5",
        "contentHash": "hGZWDDJh1U6t7fy3iO4HlZYK1ur1fWE3sTqTNHkHk0Leh0JUcxYM//JtLBNG5g+6D2Lt0+aHH8rc7e5oIlNgCg=="
      },
      "System.Configuration.ConfigurationManager": {
        "type": "Transitive",
        "resolved": "10.0.5",
        "contentHash": "9UHU7hldEOVgcOHUX7Pa+owDfpzhW+a1gshEvyknAoDA++G6FV+N1cPoUbtsXEO7GgPErGSg8MHrI/YqrLoiGA==",
        "dependencies": {
          "System.Diagnostics.EventLog": "10.0.5",
          "System.Security.Cryptography.ProtectedData": "10.0.5"
        }
      },
      "System.Diagnostics.EventLog": {
        "type": "Transitive",
        "resolved": "10.0.5",
        "contentHash": "wugvy+pBVzjQEnRs9wMTWwoaeNFX3hsaHeVHFDIvJSWXp7wfmNWu3mxAwBIE6pyW+g6+rHa1Of5fTzb0QVqUTA=="
      },
      "System.DirectoryServices": {
        "type": "Transitive",
        "resolved": "10.0.5",
        "contentHash": "1AbKZ7Jh/kN7U7BPf5fLWMXjaXeSCCSL8OLvs1aM2P4FJL1+BATcnIjhUgG3pcmII0aFN+tWS/rX0iBZkX9AVw=="
      },
      "System.Management": {
        "type": "Transitive",
        "resolved": "10.0.5",
        "contentHash": "JhBVxvWhUJ0KAquUK0dMnc3a1Ol4JyH8fMrMQZ9GgEUkrtvPy8DE57SDnGnuvOdI0maJOdguxw87N5bh2eL87A==",
        "dependencies": {
          "System.CodeDom": "10.0.5"
        }
      },
      "System.Security.Cryptography.Pkcs": {
        "type": "Transitive",
        "resolved": "10.0.5",
        "contentHash": "BJEYUZfXpkPIHo2+oFoUemD5CPMFHPJOkRzXrbj/iZrWsjga3ypj8Rqd9bFlSLupEH4IIdD/aBWm/V1gCiBL9w=="
      },
      "System.Security.Cryptography.ProtectedData": {
        "type": "Transitive",
        "resolved": "10.0.5",
        "contentHash": "kxR4O/8o32eNN3m4qbLe3UifYqeyEpallCyVAsLvL5ZFJVyT3JCb+9du/WHfC09VyJh1Q+p/Gd4+AwM7Rz4acg=="
      },
      "System.Security.Permissions": {
        "type": "Transitive",
        "resolved": "10.0.5",
        "contentHash": "mhNFWI/5ljeEUT4nsJFK5ykecpyelRwN6Hy1x0hIJoqs5ssHJ9jr7hIkrjhbiE2Y4usuG1FpZr9S00Oei49aMg==",
        "dependencies": {
          "System.Windows.Extensions": "10.0.5"
        }
      },
      "System.Windows.Extensions": {
        "type": "Transitive",
        "resolved": "10.0.5",
        "contentHash": "5hVP2TIgEqqA590MnKmMN5+Fgzl6xBRjR1wbgC3M1znrZZJe63TwBPN+ymaMgwT0vjsiXk95AjMAe8SAhhJSTg=="
      }
    }
  }
}